{
  "requires": true,
  "lockfileVersion": 1,
  "dependencies": {
    "crypto-js": {
      "version": "4.0.0",
      "resolved": "https://registry.npmjs.org/crypto-js/-/crypto-js-4.0.0.tgz",
      "integrity": "sha512-bzHZN8Pn+gS7DQA6n+iUmBfl0hO5DJq++QP3U6uTucDtk/0iGpXd/Gg7CGR0p8tJhofJyaKoWBuJI4eAO00BBg=="
    },
    "denque": {
      "version": "1.4.1",
      "resolved": "https://registry.npmjs.org/denque/-/denque-1.4.1.tgz",
      "integrity": "sha512-OfzPuSZKGcgr96rf1oODnfjqBFmr1DVoc/TrItj3Ohe0Ah1C5WX5Baquw/9U9KovnQ88EqmJbD66rKYUQYN1tQ=="
    },
    "nact": {
      "version": "7.4.0",
      "resolved": "https://registry.npmjs.org/nact/-/nact-7.4.0.tgz",
      "integrity": "sha512-UjzPjWWAFtMZpbu/pWRtm0QYd6hNz/tAK3CZ6KPsrgL95SApsQ7ltYGd+UqTJRmrAl5Ma78iTvBduSRfrIWIRw==",
      "requires": {
        "denque": "^1.2.3"
      }
    }
  }
}
